
Microsoft Visual Studio Solution File, Format Version 12.00
# Visual Studio Version 17
VisualStudioVersion = 17.14.36408.4 d17.14
MinimumVisualStudioVersion = 10.0.40219.1
Project("{FAE04EC0-301F-11D3-BF4B-00C04F79EFBC}") = "AzureRAGapi", "AzureRAGapi\AzureRAGapi.csproj", "{DE3C90C6-2A38-4092-AD3B-FF36C3E9D867}"
EndProject
Global
	GlobalSection(SolutionConfigurationPlatforms) = preSolution
		Debug|Any CPU = Debug|Any CPU
		Release|Any CPU = Release|Any CPU
	EndGlobalSection
	GlobalSection(ProjectConfigurationPlatforms) = postSolution
		{DE3C90C6-2A38-4092-AD3B-FF36C3E9D867}.Debug|Any CPU.ActiveCfg = Debug|Any CPU
		{DE3C90C6-2A38-4092-AD3B-FF36C3E9D867}.Debug|Any CPU.Build.0 = Debug|Any CPU
		{DE3C90C6-2A38-4092-AD3B-FF36C3E9D867}.Release|Any CPU.ActiveCfg = Release|Any CPU
		{DE3C90C6-2A38-4092-AD3B-FF36C3E9D867}.Release|Any CPU.Build.0 = Release|Any CPU
	EndGlobalSection
	GlobalSection(SolutionProperties) = preSolution
		HideSolutionNode = FALSE
	EndGlobalSection
	GlobalSection(ExtensibilityGlobals) = postSolution
		SolutionGuid = {D9A668C8-FE0F-4175-A91A-B5F88BEE71A0}
	EndGlobalSection
EndGlobal
